{
  "nodes": {
    "fenix": {
      "inputs": {
        "nixpkgs": "nixpkgs",
        "rust-analyzer-src": "rust-analyzer-src"
      },
      "locked": {
        "lastModified": 1701411808,
        "narHash": "sha256-K8QDx8UgbvGdENuvPvcsCXcd8brd55OkRDFLBT7xUVY=",
        "rev": "3776d0e2a30184cc6a0ba20fb86dc6df5b41fccd",
        "revCount": 1694,
        "type": "tarball",
        "url": "https://api.flakehub.com/f/pinned/nix-community/fenix/0.1.1694%2Brev-3776d0e2a30184cc6a0ba20fb86dc6df5b41fccd/018c2471-ae06-7cb3-a542-c80f7a549d7b/source.tar.gz"
      },
      "original": {
        "type": "tarball",
        "url": "https://flakehub.com/f/nix-community/fenix/0.1.1694.tar.gz"
      }
    },
    "flake-compat": {
      "locked": {
        "lastModified": 1696426674,
        "narHash": "sha256-kvjfFW7WAETZlt09AgDn1MrtKzP7t90Vf7vypd3OL1U=",
        "rev": "0f9255e01c2351cc7d116c072cb317785dd33b33",
        "revCount": 57,
        "type": "tarball",
        "url": "https://api.flakehub.com/f/pinned/edolstra/flake-compat/1.0.1/018afb31-abd1-7bff-a5e4-cff7e18efb7a/source.tar.gz"
      },
      "original": {
        "type": "tarball",
        "url": "https://flakehub.com/f/edolstra/flake-compat/%2A.tar.gz"
      }
    },
    "flake-schemas": {
      "locked": {
        "lastModified": 1697467827,
        "narHash": "sha256-j8SR19V1SRysyJwpOBF4TLuAvAjF5t+gMiboN4gYQDU=",
        "rev": "764932025c817d4e500a8d2a4d8c565563923d29",
        "revCount": 29,
        "type": "tarball",
        "url": "https://api.flakehub.com/f/pinned/DeterminateSystems/flake-schemas/0.1.2/018b3da8-4cc3-7fbb-8ff7-1588413c53e2/source.tar.gz"
      },
      "original": {
        "type": "tarball",
        "url": "https://flakehub.com/f/DeterminateSystems/flake-schemas/%2A.tar.gz"
      }
    },
    "nixpkgs": {
      "locked": {
        "lastModified": 1701068326,
        "narHash": "sha256-vmMceA+q6hG1yrjb+MP8T0YFDQIrW3bl45e7z24IEts=",
        "owner": "nixos",
        "repo": "nixpkgs",
        "rev": "8cfef6986adfb599ba379ae53c9f5631ecd2fd9c",
        "type": "github"
      },
      "original": {
        "owner": "nixos",
        "ref": "nixos-unstable",
        "repo": "nixpkgs",
        "type": "github"
      }
    },
    "nixpkgs_2": {
      "locked": {
        "lastModified": 1702645756,
        "narHash": "sha256-qKI6OR3TYJYQB3Q8mAZ+DG4o/BR9ptcv9UnRV2hzljc=",
        "rev": "40c3c94c241286dd2243ea34d3aef8a488f9e4d0",
        "revCount": 553280,
        "type": "tarball",
        "url": "https://api.flakehub.com/f/pinned/NixOS/nixpkgs/0.2311.553280%2Brev-40c3c94c241286dd2243ea34d3aef8a488f9e4d0/018c77e3-3659-7be2-ab9a-c69ae72f1eac/source.tar.gz"
      },
      "original": {
        "type": "tarball",
        "url": "https://flakehub.com/f/NixOS/nixpkgs/%2A.tar.gz"
      }
    },
    "root": {
      "inputs": {
        "fenix": "fenix",
        "flake-compat": "flake-compat",
        "flake-schemas": "flake-schemas",
        "nixpkgs": "nixpkgs_2"
      }
    },
    "rust-analyzer-src": {
      "flake": false,
      "locked": {
        "lastModified": 1701372675,
        "narHash": "sha256-MSHhnAoLjJuoPxzsTzBOzNhjhlCTHPs4nvkPAZVV1eY=",
        "owner": "rust-lang",
        "repo": "rust-analyzer",
        "rev": "c9d189d1375e59a6c9b4d62fdede94ade001f6ee",
        "type": "github"
      },
      "original": {
        "owner": "rust-lang",
        "ref": "nightly",
        "repo": "rust-analyzer",
        "type": "github"
      }
    }
  },
  "root": "root",
  "version": 7
}
